
Microsoft Visual Studio Solution File, Format Version 12.00
# Visual Studio Version 17
VisualStudioVersion = 17.14.36414.22
MinimumVisualStudioVersion = 10.0.40219.1
Project("{FAE04EC0-301F-11D3-BF4B-00C04F79EFBC}") = "LudoClient", "Ludo\LudoClient.csproj", "{69273F94-3A6B-483C-A90F-083D811F330D}"
EndProject
Project("{2150E333-8FDC-42A3-9474-1A3956D46DE8}") = "LudoGame", "LudoGame", "{02EA681E-C7D8-13C7-8484-4AC65E1B71E8}"
EndProject
Project("{FAE04EC0-301F-11D3-BF4B-00C04F79EFBC}") = "LudoServer", "LudoServer\LudoServer.csproj", "{3F980864-C234-4D6D-96E3-59FB396E6F44}"
EndProject
Project("{FAE04EC0-301F-11D3-BF4B-00C04F79EFBC}") = "SharedModels", "SharedModels\SharedModels.csproj", "{AAA1B661-C3F1-44D3-8631-775B5356CE22}"
EndProject
Project("{FAE04EC0-301F-11D3-BF4B-00C04F79EFBC}") = "UnitTests", "Tests\UnitTests.csproj", "{F19E010E-5C58-4E6E-808E-1683A97DCC34}"
EndProject
Project("{FAE04EC0-301F-11D3-BF4B-00C04F79EFBC}") = "IntegrationTests", "IntegrationTests\IntegrationTests.csproj", "{59FDAA84-6701-32D0-9E5C-CA30D0B3B987}"
EndProject
Global
	GlobalSection(SolutionConfigurationPlatforms) = preSolution
		Debug|Any CPU = Debug|Any CPU
		Release|Any CPU = Release|Any CPU
	EndGlobalSection
	GlobalSection(ProjectConfigurationPlatforms) = postSolution
		{69273F94-3A6B-483C-A90F-083D811F330D}.Debug|Any CPU.ActiveCfg = Debug|Any CPU
		{69273F94-3A6B-483C-A90F-083D811F330D}.Debug|Any CPU.Build.0 = Debug|Any CPU
		{69273F94-3A6B-483C-A90F-083D811F330D}.Release|Any CPU.ActiveCfg = Release|Any CPU
		{69273F94-3A6B-483C-A90F-083D811F330D}.Release|Any CPU.Build.0 = Release|Any CPU
		{3F980864-C234-4D6D-96E3-59FB396E6F44}.Debug|Any CPU.ActiveCfg = Debug|Any CPU
		{3F980864-C234-4D6D-96E3-59FB396E6F44}.Debug|Any CPU.Build.0 = Debug|Any CPU
		{3F980864-C234-4D6D-96E3-59FB396E6F44}.Release|Any CPU.ActiveCfg = Release|Any CPU
		{3F980864-C234-4D6D-96E3-59FB396E6F44}.Release|Any CPU.Build.0 = Release|Any CPU
		{AAA1B661-C3F1-44D3-8631-775B5356CE22}.Debug|Any CPU.ActiveCfg = Debug|Any CPU
		{AAA1B661-C3F1-44D3-8631-775B5356CE22}.Debug|Any CPU.Build.0 = Debug|Any CPU
		{AAA1B661-C3F1-44D3-8631-775B5356CE22}.Release|Any CPU.ActiveCfg = Release|Any CPU
		{AAA1B661-C3F1-44D3-8631-775B5356CE22}.Release|Any CPU.Build.0 = Release|Any CPU
		{F19E010E-5C58-4E6E-808E-1683A97DCC34}.Debug|Any CPU.ActiveCfg = Debug|Any CPU
		{F19E010E-5C58-4E6E-808E-1683A97DCC34}.Debug|Any CPU.Build.0 = Debug|Any CPU
		{F19E010E-5C58-4E6E-808E-1683A97DCC34}.Release|Any CPU.ActiveCfg = Release|Any CPU
		{F19E010E-5C58-4E6E-808E-1683A97DCC34}.Release|Any CPU.Build.0 = Release|Any CPU
		{59FDAA84-6701-32D0-9E5C-CA30D0B3B987}.Debug|Any CPU.ActiveCfg = Debug|Any CPU
		{59FDAA84-6701-32D0-9E5C-CA30D0B3B987}.Debug|Any CPU.Build.0 = Debug|Any CPU
		{59FDAA84-6701-32D0-9E5C-CA30D0B3B987}.Release|Any CPU.ActiveCfg = Release|Any CPU
		{59FDAA84-6701-32D0-9E5C-CA30D0B3B987}.Release|Any CPU.Build.0 = Release|Any CPU
	EndGlobalSection
	GlobalSection(SolutionProperties) = preSolution
		HideSolutionNode = FALSE
	EndGlobalSection
	GlobalSection(NestedProjects) = preSolution
		{69273F94-3A6B-483C-A90F-083D811F330D} = {02EA681E-C7D8-13C7-8484-4AC65E1B71E8}
		{3F980864-C234-4D6D-96E3-59FB396E6F44} = {02EA681E-C7D8-13C7-8484-4AC65E1B71E8}
		{AAA1B661-C3F1-44D3-8631-775B5356CE22} = {02EA681E-C7D8-13C7-8484-4AC65E1B71E8}
	EndGlobalSection
	GlobalSection(ExtensibilityGlobals) = postSolution
		SolutionGuid = {98611923-093E-41ED-A3B7-AE41865B82A1}
	EndGlobalSection
EndGlobal
